
Microsoft Visual Studio Solution File, Format Version 12.00
# Visual Studio Version 16
VisualStudioVersion = 25.0.1705.7
MinimumVisualStudioVersion = 10.0.40219.1
Project("{FAE04EC0-301F-11D3-BF4B-00C04F79EFBC}") = "NamedPipePOC", "NamedPipePOC\NamedPipePOC.csproj", "{06B7B03B-5F9B-4AC3-B4B0-CFBAB7CF343F}"
EndProject
Global
	GlobalSection(SolutionConfigurationPlatforms) = preSolution
		Debug|Any CPU = Debug|Any CPU
		Release|Any CPU = Release|Any CPU
	EndGlobalSection
	GlobalSection(ProjectConfigurationPlatforms) = postSolution
		{06B7B03B-5F9B-4AC3-B4B0-CFBAB7CF343F}.Debug|Any CPU.ActiveCfg = Debug|Any CPU
		{06B7B03B-5F9B-4AC3-B4B0-CFBAB7CF343F}.Debug|Any CPU.Build.0 = Debug|Any CPU
		{06B7B03B-5F9B-4AC3-B4B0-CFBAB7CF343F}.Release|Any CPU.ActiveCfg = Release|Any CPU
		{06B7B03B-5F9B-4AC3-B4B0-CFBAB7CF343F}.Release|Any CPU.Build.0 = Release|Any CPU
	EndGlobalSection
	GlobalSection(SolutionProperties) = preSolution
		HideSolutionNode = FALSE
	EndGlobalSection
	GlobalSection(ExtensibilityGlobals) = postSolution
		SolutionGuid = {46A5A48B-CCBC-4C42-8AFE-45EE498C6C1B}
	EndGlobalSection
EndGlobal
